
Microsoft Visual Studio Solution File, Format Version 12.00
# Visual Studio Version 17
VisualStudioVersion = 17.4.33403.182
MinimumVisualStudioVersion = 10.0.40219.1
Project("{FAE04EC0-301F-11D3-BF4B-00C04F79EFBC}") = "POC.WebPush.Notification.Web", "POC.WebPush.Notification.Web\POC.WebPush.Notification.Web.csproj", "{BEC34593-ABEE-4090-8CDB-0D10FA0EE6FA}"
EndProject
Global
	GlobalSection(SolutionConfigurationPlatforms) = preSolution
		Debug|Any CPU = Debug|Any CPU
		Release|Any CPU = Release|Any CPU
	EndGlobalSection
	GlobalSection(ProjectConfigurationPlatforms) = postSolution
		{BEC34593-ABEE-4090-8CDB-0D10FA0EE6FA}.Debug|Any CPU.ActiveCfg = Debug|Any CPU
		{BEC34593-ABEE-4090-8CDB-0D10FA0EE6FA}.Debug|Any CPU.Build.0 = Debug|Any CPU
		{BEC34593-ABEE-4090-8CDB-0D10FA0EE6FA}.Release|Any CPU.ActiveCfg = Release|Any CPU
		{BEC34593-ABEE-4090-8CDB-0D10FA0EE6FA}.Release|Any CPU.Build.0 = Release|Any CPU
	EndGlobalSection
	GlobalSection(SolutionProperties) = preSolution
		HideSolutionNode = FALSE
	EndGlobalSection
	GlobalSection(ExtensibilityGlobals) = postSolution
		SolutionGuid = {8627FD0E-CDE5-4034-ADDC-89EFD875B59B}
	EndGlobalSection
EndGlobal
